
Microsoft Visual Studio Solution File, Format Version 12.00
# Visual Studio 15
VisualStudioVersion = 15.0.27703.2035
MinimumVisualStudioVersion = 10.0.40219.1
Project("{FAE04EC0-301F-11D3-BF4B-00C04F79EFBC}") = "WindowsFormsTestComponents", "WindowsFormsTestComponents\WindowsFormsTestComponents.csproj", "{6A917753-8CA1-4C99-B6F2-0B8BE4088603}"
EndProject
Global
	GlobalSection(SolutionConfigurationPlatforms) = preSolution
		Debug|Any CPU = Debug|Any CPU
		Release|Any CPU = Release|Any CPU
	EndGlobalSection
	GlobalSection(ProjectConfigurationPlatforms) = postSolution
		{6A917753-8CA1-4C99-B6F2-0B8BE4088603}.Debug|Any CPU.ActiveCfg = Debug|Any CPU
		{6A917753-8CA1-4C99-B6F2-0B8BE4088603}.Debug|Any CPU.Build.0 = Debug|Any CPU
		{6A917753-8CA1-4C99-B6F2-0B8BE4088603}.Release|Any CPU.ActiveCfg = Release|Any CPU
		{6A917753-8CA1-4C99-B6F2-0B8BE4088603}.Release|Any CPU.Build.0 = Release|Any CPU
	EndGlobalSection
	GlobalSection(SolutionProperties) = preSolution
		HideSolutionNode = FALSE
	EndGlobalSection
	GlobalSection(ExtensibilityGlobals) = postSolution
		SolutionGuid = {30F8B056-0B49-4D61-B962-9D3BB897BA79}
	EndGlobalSection
EndGlobal
